
Microsoft Visual Studio Solution File, Format Version 12.00
# Visual Studio Version 16
VisualStudioVersion = 16.0.30907.101
MinimumVisualStudioVersion = 10.0.40219.1
Project("{9A19103F-16F7-4668-BE54-9A1E7A4F7556}") = "Space.ImageProcessing.Lib", "Space.ImageProcessing.Lib\Space.ImageProcessing.Lib.csproj", "{4860B53A-DD68-407B-8BA3-15D34686A60F}"
EndProject
Project("{FAE04EC0-301F-11D3-BF4B-00C04F79EFBC}") = "Space.ImageProcessing.App.OneToOther", "Space.ImageProcessing.App.OneToOther\Space.ImageProcessing.App.OneToOther.csproj", "{8B8C8BED-933C-4929-B1C0-FEEF57BC970E}"
EndProject
Global
	GlobalSection(SolutionConfigurationPlatforms) = preSolution
		Debug|Any CPU = Debug|Any CPU
		Release|Any CPU = Release|Any CPU
	EndGlobalSection
	GlobalSection(ProjectConfigurationPlatforms) = postSolution
		{4860B53A-DD68-407B-8BA3-15D34686A60F}.Debug|Any CPU.ActiveCfg = Debug|Any CPU
		{4860B53A-DD68-407B-8BA3-15D34686A60F}.Debug|Any CPU.Build.0 = Debug|Any CPU
		{4860B53A-DD68-407B-8BA3-15D34686A60F}.Release|Any CPU.ActiveCfg = Release|Any CPU
		{4860B53A-DD68-407B-8BA3-15D34686A60F}.Release|Any CPU.Build.0 = Release|Any CPU
		{8B8C8BED-933C-4929-B1C0-FEEF57BC970E}.Debug|Any CPU.ActiveCfg = Debug|Any CPU
		{8B8C8BED-933C-4929-B1C0-FEEF57BC970E}.Debug|Any CPU.Build.0 = Debug|Any CPU
		{8B8C8BED-933C-4929-B1C0-FEEF57BC970E}.Release|Any CPU.ActiveCfg = Release|Any CPU
		{8B8C8BED-933C-4929-B1C0-FEEF57BC970E}.Release|Any CPU.Build.0 = Release|Any CPU
	EndGlobalSection
	GlobalSection(SolutionProperties) = preSolution
		HideSolutionNode = FALSE
	EndGlobalSection
	GlobalSection(ExtensibilityGlobals) = postSolution
		SolutionGuid = {A6098EF9-76CF-46FC-BC90-37D807BD9BCE}
	EndGlobalSection
EndGlobal
